
Microsoft Visual Studio Solution File, Format Version 12.00
# Visual Studio 15
VisualStudioVersion = 15.0.28307.329
MinimumVisualStudioVersion = 10.0.40219.1
Project("{FAE04EC0-301F-11D3-BF4B-00C04F79EFBC}") = "AnimatedHighlightApp.Android", "AnimatedHighlightApp\AnimatedHighlightApp.Android\AnimatedHighlightApp.Android.csproj", "{C2CF104A-C88B-4A2C-83D8-A2C7EC020929}"
EndProject
Project("{FAE04EC0-301F-11D3-BF4B-00C04F79EFBC}") = "AnimatedHighlightApp.iOS", "AnimatedHighlightApp\AnimatedHighlightApp.iOS\AnimatedHighlightApp.iOS.csproj", "{B694C1B7-638C-4109-9322-1056B443B9AF}"
EndProject
Project("{FAE04EC0-301F-11D3-BF4B-00C04F79EFBC}") = "AnimatedHighlightApp.UWP", "AnimatedHighlightApp\AnimatedHighlightApp.UWP\AnimatedHighlightApp.UWP.csproj", "{2364ED3B-6FC3-4D80-B8F5-C514F983F3C8}"
EndProject
Project("{FAE04EC0-301F-11D3-BF4B-00C04F79EFBC}") = "AnimatedHighlightApp", "AnimatedHighlightApp\AnimatedHighlightApp\AnimatedHighlightApp.csproj", "{77C92610-A0D8-40E8-AFA0-D89673545E8A}"
EndProject
Global
	GlobalSection(SolutionConfigurationPlatforms) = preSolution
		Ad-Hoc|Any CPU = Ad-Hoc|Any CPU
		Ad-Hoc|ARM = Ad-Hoc|ARM
		Ad-Hoc|iPhone = Ad-Hoc|iPhone
		Ad-Hoc|iPhoneSimulator = Ad-Hoc|iPhoneSimulator
		Ad-Hoc|x64 = Ad-Hoc|x64
		Ad-Hoc|x86 = Ad-Hoc|x86
		AppStore|Any CPU = AppStore|Any CPU
		AppStore|ARM = AppStore|ARM
		AppStore|iPhone = AppStore|iPhone
		AppStore|iPhoneSimulator = AppStore|iPhoneSimulator
		AppStore|x64 = AppStore|x64
		AppStore|x86 = AppStore|x86
		Debug|Any CPU = Debug|Any CPU
		Debug|ARM = Debug|ARM
		Debug|iPhone = Debug|iPhone
		Debug|iPhoneSimulator = Debug|iPhoneSimulator
		Debug|x64 = Debug|x64
		Debug|x86 = Debug|x86
		Release|Any CPU = Release|Any CPU
		Release|ARM = Release|ARM
		Release|iPhone = Release|iPhone
		Release|iPhoneSimulator = Release|iPhoneSimulator
		Release|x64 = Release|x64
		Release|x86 = Release|x86
	EndGlobalSection
	GlobalSection(ProjectConfigurationPlatforms) = postSolution
		{C2CF104A-C88B-4A2C-83D8-A2C7EC020929}.Ad-Hoc|Any CPU.ActiveCfg = Release|Any CPU
		{C2CF104A-C88B-4A2C-83D8-A2C7EC020929}.Ad-Hoc|Any CPU.Build.0 = Release|Any CPU
		{C2CF104A-C88B-4A2C-83D8-A2C7EC020929}.Ad-Hoc|Any CPU.Deploy.0 = Release|Any CPU
		{C2CF104A-C88B-4A2C-83D8-A2C7EC020929}.Ad-Hoc|ARM.ActiveCfg = Release|Any CPU
		{C2CF104A-C88B-4A2C-83D8-A2C7EC020929}.Ad-Hoc|ARM.Build.0 = Release|Any CPU
		{C2CF104A-C88B-4A2C-83D8-A2C7EC020929}.Ad-Hoc|ARM.Deploy.0 = Release|Any CPU
		{C2CF104A-C88B-4A2C-83D8-A2C7EC020929}.Ad-Hoc|iPhone.ActiveCfg = Release|Any CPU
		{C2CF104A-C88B-4A2C-83D8-A2C7EC020929}.Ad-Hoc|iPhone.Build.0 = Release|Any CPU
		{C2CF104A-C88B-4A2C-83D8-A2C7EC020929}.Ad-Hoc|iPhone.Deploy.0 = Release|Any CPU
		{C2CF104A-C88B-4A2C-83D8-A2C7EC020929}.Ad-Hoc|iPhoneSimulator.ActiveCfg = Release|Any CPU
		{C2CF104A-C88B-4A2C-83D8-A2C7EC020929}.Ad-Hoc|iPhoneSimulator.Build.0 = Release|Any CPU
		{C2CF104A-C88B-4A2C-83D8-A2C7EC020929}.Ad-Hoc|iPhoneSimulator.Deploy.0 = Release|Any CPU
		{C2CF104A-C88B-4A2C-83D8-A2C7EC020929}.Ad-Hoc|x64.ActiveCfg = Release|Any CPU
		{C2CF104A-C88B-4A2C-83D8-A2C7EC020929}.Ad-Hoc|x64.Build.0 = Release|Any CPU
		{C2CF104A-C88B-4A2C-83D8-A2C7EC020929}.Ad-Hoc|x64.Deploy.0 = Release|Any CPU
		{C2CF104A-C88B-4A2C-83D8-A2C7EC020929}.Ad-Hoc|x86.ActiveCfg = Release|Any CPU
		{C2CF104A-C88B-4A2C-83D8-A2C7EC020929}.Ad-Hoc|x86.Build.0 = Release|Any CPU
		{C2CF104A-C88B-4A2C-83D8-A2C7EC020929}.Ad-Hoc|x86.Deploy.0 = Release|Any CPU
		{C2CF104A-C88B-4A2C-83D8-A2C7EC020929}.AppStore|Any CPU.ActiveCfg = Release|Any CPU
		{C2CF104A-C88B-4A2C-83D8-A2C7EC020929}.AppStore|Any CPU.Build.0 = Release|Any CPU
		{C2CF104A-C88B-4A2C-83D8-A2C7EC020929}.AppStore|Any CPU.Deploy.0 = Release|Any CPU
		{C2CF104A-C88B-4A2C-83D8-A2C7EC020929}.AppStore|ARM.ActiveCfg = Release|Any CPU
		{C2CF104A-C88B-4A2C-83D8-A2C7EC020929}.AppStore|ARM.Build.0 = Release|Any CPU
		{C2CF104A-C88B-4A2C-83D8-A2C7EC020929}.AppStore|ARM.Deploy.0 = Release|Any CPU
		{C2CF104A-C88B-4A2C-83D8-A2C7EC020929}.AppStore|iPhone.ActiveCfg = Release|Any CPU
		{C2CF104A-C88B-4A2C-83D8-A2C7EC020929}.AppStore|iPhone.Build.0 = Release|Any CPU
		{C2CF104A-C88B-4A2C-83D8-A2C7EC020929}.AppStore|iPhone.Deploy.0 = Release|Any CPU
		{C2CF104A-C88B-4A2C-83D8-A2C7EC020929}.AppStore|iPhoneSimulator.ActiveCfg = Release|Any CPU
		{C2CF104A-C88B-4A2C-83D8-A2C7EC020929}.AppStore|iPhoneSimulator.Build.0 = Release|Any CPU
		{C2CF104A-C88B-4A2C-83D8-A2C7EC020929}.AppStore|iPhoneSimulator.Deploy.0 = Release|Any CPU
		{C2CF104A-C88B-4A2C-83D8-A2C7EC020929}.AppStore|x64.ActiveCfg = Release|Any CPU
		{C2CF104A-C88B-4A2C-83D8-A2C7EC020929}.AppStore|x64.Build.0 = Release|Any CPU
		{C2CF104A-C88B-4A2C-83D8-A2C7EC020929}.AppStore|x64.Deploy.0 = Release|Any CPU
		{C2CF104A-C88B-4A2C-83D8-A2C7EC020929}.AppStore|x86.ActiveCfg = Release|Any CPU
		{C2CF104A-C88B-4A2C-83D8-A2C7EC020929}.AppStore|x86.Build.0 = Release|Any CPU
		{C2CF104A-C88B-4A2C-83D8-A2C7EC020929}.AppStore|x86.Deploy.0 = Release|Any CPU
		{C2CF104A-C88B-4A2C-83D8-A2C7EC020929}.Debug|Any CPU.ActiveCfg = Debug|Any CPU
		{C2CF104A-C88B-4A2C-83D8-A2C7EC020929}.Debug|Any CPU.Build.0 = Debug|Any CPU
		{C2CF104A-C88B-4A2C-83D8-A2C7EC020929}.Debug|Any CPU.Deploy.0 = Debug|Any CPU
		{C2CF104A-C88B-4A2C-83D8-A2C7EC020929}.Debug|ARM.ActiveCfg = Debug|Any CPU
		{C2CF104A-C88B-4A2C-83D8-A2C7EC020929}.Debug|ARM.Build.0 = Debug|Any CPU
		{C2CF104A-C88B-4A2C-83D8-A2C7EC020929}.Debug|ARM.Deploy.0 = Debug|Any CPU
		{C2CF104A-C88B-4A2C-83D8-A2C7EC020929}.Debug|iPhone.ActiveCfg = Debug|Any CPU
		{C2CF104A-C88B-4A2C-83D8-A2C7EC020929}.Debug|iPhone.Build.0 = Debug|Any CPU
		{C2CF104A-C88B-4A2C-83D8-A2C7EC020929}.Debug|iPhone.Deploy.0 = Debug|Any CPU
		{C2CF104A-C88B-4A2C-83D8-A2C7EC020929}.Debug|iPhoneSimulator.ActiveCfg = Debug|Any CPU
		{C2CF104A-C88B-4A2C-83D8-A2C7EC020929}.Debug|iPhoneSimulator.Build.0 = Debug|Any CPU
		{C2CF104A-C88B-4A2C-83D8-A2C7EC020929}.Debug|iPhoneSimulator.Deploy.0 = Debug|Any CPU
		{C2CF104A-C88B-4A2C-83D8-A2C7EC020929}.Debug|x64.ActiveCfg = Debug|Any CPU
		{C2CF104A-C88B-4A2C-83D8-A2C7EC020929}.Debug|x64.Build.0 = Debug|Any CPU
		{C2CF104A-C88B-4A2C-83D8-A2C7EC020929}.Debug|x64.Deploy.0 = Debug|Any CPU
		{C2CF104A-C88B-4A2C-83D8-A2C7EC020929}.Debug|x86.ActiveCfg = Debug|Any CPU
		{C2CF104A-C88B-4A2C-83D8-A2C7EC020929}.Debug|x86.Build.0 = Debug|Any CPU
		{C2CF104A-C88B-4A2C-83D8-A2C7EC020929}.Debug|x86.Deploy.0 = Debug|Any CPU
		{C2CF104A-C88B-4A2C-83D8-A2C7EC020929}.Release|Any CPU.ActiveCfg = Release|Any CPU
		{C2CF104A-C88B-4A2C-83D8-A2C7EC020929}.Release|Any CPU.Build.0 = Release|Any CPU
		{C2CF104A-C88B-4A2C-83D8-A2C7EC020929}.Release|Any CPU.Deploy.0 = Release|Any CPU
		{C2CF104A-C88B-4A2C-83D8-A2C7EC020929}.Release|ARM.ActiveCfg = Release|Any CPU
		{C2CF104A-C88B-4A2C-83D8-A2C7EC020929}.Release|ARM.Build.0 = Release|Any CPU
		{C2CF104A-C88B-4A2C-83D8-A2C7EC020929}.Release|ARM.Deploy.0 = Release|Any CPU
		{C2CF104A-C88B-4A2C-83D8-A2C7EC020929}.Release|iPhone.ActiveCfg = Release|Any CPU
		{C2CF104A-C88B-4A2C-83D8-A2C7EC020929}.Release|iPhone.Build.0 = Release|Any CPU
		{C2CF104A-C88B-4A2C-83D8-A2C7EC020929}.Release|iPhone.Deploy.0 = Release|Any CPU
		{C2CF104A-C88B-4A2C-83D8-A2C7EC020929}.Release|iPhoneSimulator.ActiveCfg = Release|Any CPU
		{C2CF104A-C88B-4A2C-83D8-A2C7EC020929}.Release|iPhoneSimulator.Build.0 = Release|Any CPU
		{C2CF104A-C88B-4A2C-83D8-A2C7EC020929}.Release|iPhoneSimulator.Deploy.0 = Release|Any CPU
		{C2CF104A-C88B-4A2C-83D8-A2C7EC020929}.Release|x64.ActiveCfg = Release|Any CPU
		{C2CF104A-C88B-4A2C-83D8-A2C7EC020929}.Release|x64.Build.0 = Release|Any CPU
		{C2CF104A-C88B-4A2C-83D8-A2C7EC020929}.Release|x64.Deploy.0 = Release|Any CPU
		{C2CF104A-C88B-4A2C-83D8-A2C7EC020929}.Release|x86.ActiveCfg = Release|Any CPU
		{C2CF104A-C88B-4A2C-83D8-A2C7EC020929}.Release|x86.Build.0 = Release|Any CPU
		{C2CF104A-C88B-4A2C-83D8-A2C7EC020929}.Release|x86.Deploy.0 = Release|Any CPU
		{B694C1B7-638C-4109-9322-1056B443B9AF}.Ad-Hoc|Any CPU.ActiveCfg = Ad-Hoc|iPhone
		{B694C1B7-638C-4109-9322-1056B443B9AF}.Ad-Hoc|Any CPU.Build.0 = Ad-Hoc|iPhone
		{B694C1B7-638C-4109-9322-1056B443B9AF}.Ad-Hoc|Any CPU.Deploy.0 = Ad-Hoc|iPhone
		{B694C1B7-638C-4109-9322-1056B443B9AF}.Ad-Hoc|ARM.ActiveCfg = Ad-Hoc|iPhone
		{B694C1B7-638C-4109-9322-1056B443B9AF}.Ad-Hoc|ARM.Build.0 = Ad-Hoc|iPhone
		{B694C1B7-638C-4109-9322-1056B443B9AF}.Ad-Hoc|ARM.Deploy.0 = Ad-Hoc|iPhone
		{B694C1B7-638C-4109-9322-1056B443B9AF}.Ad-Hoc|iPhone.ActiveCfg = Ad-Hoc|iPhone
		{B694C1B7-638C-4109-9322-1056B443B9AF}.Ad-Hoc|iPhone.Build.0 = Ad-Hoc|iPhone
		{B694C1B7-638C-4109-9322-1056B443B9AF}.Ad-Hoc|iPhone.Deploy.0 = Ad-Hoc|iPhone
		{B694C1B7-638C-4109-9322-1056B443B9AF}.Ad-Hoc|iPhoneSimulator.ActiveCfg = Ad-Hoc|iPhoneSimulator
		{B694C1B7-638C-4109-9322-1056B443B9AF}.Ad-Hoc|iPhoneSimulator.Build.0 = Ad-Hoc|iPhoneSimulator
		{B694C1B7-638C-4109-9322-1056B443B9AF}.Ad-Hoc|iPhoneSimulator.Deploy.0 = Ad-Hoc|iPhoneSimulator
		{B694C1B7-638C-4109-9322-1056B443B9AF}.Ad-Hoc|x64.ActiveCfg = Ad-Hoc|iPhone
		{B694C1B7-638C-4109-9322-1056B443B9AF}.Ad-Hoc|x64.Build.0 = Ad-Hoc|iPhone
		{B694C1B7-638C-4109-9322-1056B443B9AF}.Ad-Hoc|x64.Deploy.0 = Ad-Hoc|iPhone
		{B694C1B7-638C-4109-9322-1056B443B9AF}.Ad-Hoc|x86.ActiveCfg = Ad-Hoc|iPhone
		{B694C1B7-638C-4109-9322-1056B443B9AF}.Ad-Hoc|x86.Build.0 = Ad-Hoc|iPhone
		{B694C1B7-638C-4109-9322-1056B443B9AF}.Ad-Hoc|x86.Deploy.0 = Ad-Hoc|iPhone
		{B694C1B7-638C-4109-9322-1056B443B9AF}.AppStore|Any CPU.ActiveCfg = AppStore|iPhone
		{B694C1B7-638C-4109-9322-1056B443B9AF}.AppStore|Any CPU.Build.0 = AppStore|iPhone
		{B694C1B7-638C-4109-9322-1056B443B9AF}.AppStore|Any CPU.Deploy.0 = AppStore|iPhone
		{B694C1B7-638C-4109-9322-1056B443B9AF}.AppStore|ARM.ActiveCfg = AppStore|iPhone
		{B694C1B7-638C-4109-9322-1056B443B9AF}.AppStore|ARM.Build.0 = AppStore|iPhone
		{B694C1B7-638C-4109-9322-1056B443B9AF}.AppStore|ARM.Deploy.0 = AppStore|iPhone
		{B694C1B7-638C-4109-9322-1056B443B9AF}.AppStore|iPhone.ActiveCfg = AppStore|iPhone
		{B694C1B7-638C-4109-9322-1056B443B9AF}.AppStore|iPhone.Build.0 = AppStore|iPhone
		{B694C1B7-638C-4109-9322-1056B443B9AF}.AppStore|iPhone.Deploy.0 = AppStore|iPhone
		{B694C1B7-638C-4109-9322-1056B443B9AF}.AppStore|iPhoneSimulator.ActiveCfg = AppStore|iPhoneSimulator
		{B694C1B7-638C-4109-9322-1056B443B9AF}.AppStore|iPhoneSimulator.Build.0 = AppStore|iPhoneSimulator
		{B694C1B7-638C-4109-9322-1056B443B9AF}.AppStore|iPhoneSimulator.Deploy.0 = AppStore|iPhoneSimulator
		{B694C1B7-638C-4109-9322-1056B443B9AF}.AppStore|x64.ActiveCfg = AppStore|iPhone
		{B694C1B7-638C-4109-9322-1056B443B9AF}.AppStore|x64.Build.0 = AppStore|iPhone
		{B694C1B7-638C-4109-9322-1056B443B9AF}.AppStore|x64.Deploy.0 = AppStore|iPhone
		{B694C1B7-638C-4109-9322-1056B443B9AF}.AppStore|x86.ActiveCfg = AppStore|iPhone
		{B694C1B7-638C-4109-9322-1056B443B9AF}.AppStore|x86.Build.0 = AppStore|iPhone
		{B694C1B7-638C-4109-9322-1056B443B9AF}.AppStore|x86.Deploy.0 = AppStore|iPhone
		{B694C1B7-638C-4109-9322-1056B443B9AF}.Debug|Any CPU.ActiveCfg = Debug|iPhoneSimulator
		{B694C1B7-638C-4109-9322-1056B443B9AF}.Debug|Any CPU.Build.0 = Debug|iPhoneSimulator
		{B694C1B7-638C-4109-9322-1056B443B9AF}.Debug|Any CPU.Deploy.0 = Debug|iPhoneSimulator
		{B694C1B7-638C-4109-9322-1056B443B9AF}.Debug|ARM.ActiveCfg = Debug|iPhone
		{B694C1B7-638C-4109-9322-1056B443B9AF}.Debug|ARM.Build.0 = Debug|iPhone
		{B694C1B7-638C-4109-9322-1056B443B9AF}.Debug|ARM.Deploy.0 = Debug|iPhone
		{B694C1B7-638C-4109-9322-1056B443B9AF}.Debug|iPhone.ActiveCfg = Debug|iPhone
		{B694C1B7-638C-4109-9322-1056B443B9AF}.Debug|iPhone.Build.0 = Debug|iPhone
		{B694C1B7-638C-4109-9322-1056B443B9AF}.Debug|iPhone.Deploy.0 = Debug|iPhone
		{B694C1B7-638C-4109-9322-1056B443B9AF}.Debug|iPhoneSimulator.ActiveCfg = Debug|iPhoneSimulator
		{B694C1B7-638C-4109-9322-1056B443B9AF}.Debug|iPhoneSimulator.Build.0 = Debug|iPhoneSimulator
		{B694C1B7-638C-4109-9322-1056B443B9AF}.Debug|iPhoneSimulator.Deploy.0 = Debug|iPhoneSimulator
		{B694C1B7-638C-4109-9322-1056B443B9AF}.Debug|x64.ActiveCfg = Debug|iPhone
		{B694C1B7-638C-4109-9322-1056B443B9AF}.Debug|x64.Build.0 = Debug|iPhone
		{B694C1B7-638C-4109-9322-1056B443B9AF}.Debug|x64.Deploy.0 = Debug|iPhone
		{B694C1B7-638C-4109-9322-1056B443B9AF}.Debug|x86.ActiveCfg = Debug|iPhone
		{B694C1B7-638C-4109-9322-1056B443B9AF}.Debug|x86.Build.0 = Debug|iPhone
		{B694C1B7-638C-4109-9322-1056B443B9AF}.Debug|x86.Deploy.0 = Debug|iPhone
		{B694C1B7-638C-4109-9322-1056B443B9AF}.Release|Any CPU.ActiveCfg = Release|iPhone
		{B694C1B7-638C-4109-9322-1056B443B9AF}.Release|Any CPU.Build.0 = Release|iPhone
		{B694C1B7-638C-4109-9322-1056B443B9AF}.Release|Any CPU.Deploy.0 = Release|iPhone
		{B694C1B7-638C-4109-9322-1056B443B9AF}.Release|ARM.ActiveCfg = Release|iPhone
		{B694C1B7-638C-4109-9322-1056B443B9AF}.Release|ARM.Build.0 = Release|iPhone
		{B694C1B7-638C-4109-9322-1056B443B9AF}.Release|ARM.Deploy.0 = Release|iPhone
		{B694C1B7-638C-4109-9322-1056B443B9AF}.Release|iPhone.ActiveCfg = Release|iPhone
		{B694C1B7-638C-4109-9322-1056B443B9AF}.Release|iPhone.Build.0 = Release|iPhone
		{B694C1B7-638C-4109-9322-1056B443B9AF}.Release|iPhone.Deploy.0 = Release|iPhone
		{B694C1B7-638C-4109-9322-1056B443B9AF}.Release|iPhoneSimulator.ActiveCfg = Release|iPhoneSimulator
		{B694C1B7-638C-4109-9322-1056B443B9AF}.Release|iPhoneSimulator.Build.0 = Release|iPhoneSimulator
		{B694C1B7-638C-4109-9322-1056B443B9AF}.Release|iPhoneSimulator.Deploy.0 = Release|iPhoneSimulator
		{B694C1B7-638C-4109-9322-1056B443B9AF}.Release|x64.ActiveCfg = Release|iPhone
		{B694C1B7-638C-4109-9322-1056B443B9AF}.Release|x64.Build.0 = Release|iPhone
		{B694C1B7-638C-4109-9322-1056B443B9AF}.Release|x64.Deploy.0 = Release|iPhone
		{B694C1B7-638C-4109-9322-1056B443B9AF}.Release|x86.ActiveCfg = Release|iPhone
		{B694C1B7-638C-4109-9322-1056B443B9AF}.Release|x86.Build.0 = Release|iPhone
		{B694C1B7-638C-4109-9322-1056B443B9AF}.Release|x86.Deploy.0 = Release|iPhone
		{2364ED3B-6FC3-4D80-B8F5-C514F983F3C8}.Ad-Hoc|Any CPU.ActiveCfg = Release|x86
		{2364ED3B-6FC3-4D80-B8F5-C514F983F3C8}.Ad-Hoc|Any CPU.Build.0 = Release|x86
		{2364ED3B-6FC3-4D80-B8F5-C514F983F3C8}.Ad-Hoc|Any CPU.Deploy.0 = Release|x86
		{2364ED3B-6FC3-4D80-B8F5-C514F983F3C8}.Ad-Hoc|ARM.ActiveCfg = Release|ARM
		{2364ED3B-6FC3-4D80-B8F5-C514F983F3C8}.Ad-Hoc|ARM.Build.0 = Release|ARM
		{2364ED3B-6FC3-4D80-B8F5-C514F983F3C8}.Ad-Hoc|ARM.Deploy.0 = Release|ARM
		{2364ED3B-6FC3-4D80-B8F5-C514F983F3C8}.Ad-Hoc|iPhone.ActiveCfg = Release|x86
		{2364ED3B-6FC3-4D80-B8F5-C514F983F3C8}.Ad-Hoc|iPhone.Build.0 = Release|x86
		{2364ED3B-6FC3-4D80-B8F5-C514F983F3C8}.Ad-Hoc|iPhone.Deploy.0 = Release|x86
		{2364ED3B-6FC3-4D80-B8F5-C514F983F3C8}.Ad-Hoc|iPhoneSimulator.ActiveCfg = Release|x86
		{2364ED3B-6FC3-4D80-B8F5-C514F983F3C8}.Ad-Hoc|iPhoneSimulator.Build.0 = Release|x86
		{2364ED3B-6FC3-4D80-B8F5-C514F983F3C8}.Ad-Hoc|iPhoneSimulator.Deploy.0 = Release|x86
		{2364ED3B-6FC3-4D80-B8F5-C514F983F3C8}.Ad-Hoc|x64.ActiveCfg = Release|x64
		{2364ED3B-6FC3-4D80-B8F5-C514F983F3C8}.Ad-Hoc|x64.Build.0 = Release|x64
		{2364ED3B-6FC3-4D80-B8F5-C514F983F3C8}.Ad-Hoc|x64.Deploy.0 = Release|x64
		{2364ED3B-6FC3-4D80-B8F5-C514F983F3C8}.Ad-Hoc|x86.ActiveCfg = Release|x86
		{2364ED3B-6FC3-4D80-B8F5-C514F983F3C8}.Ad-Hoc|x86.Build.0 = Release|x86
		{2364ED3B-6FC3-4D80-B8F5-C514F983F3C8}.Ad-Hoc|x86.Deploy.0 = Release|x86
		{2364ED3B-6FC3-4D80-B8F5-C514F983F3C8}.AppStore|Any CPU.ActiveCfg = Release|x86
		{2364ED3B-6FC3-4D80-B8F5-C514F983F3C8}.AppStore|Any CPU.Build.0 = Release|x86
		{2364ED3B-6FC3-4D80-B8F5-C514F983F3C8}.AppStore|Any CPU.Deploy.0 = Release|x86
		{2364ED3B-6FC3-4D80-B8F5-C514F983F3C8}.AppStore|ARM.ActiveCfg = Release|ARM
		{2364ED3B-6FC3-4D80-B8F5-C514F983F3C8}.AppStore|ARM.Build.0 = Release|ARM
		{2364ED3B-6FC3-4D80-B8F5-C514F983F3C8}.AppStore|ARM.Deploy.0 = Release|ARM
		{2364ED3B-6FC3-4D80-B8F5-C514F983F3C8}.AppStore|iPhone.ActiveCfg = Release|x86
		{2364ED3B-6FC3-4D80-B8F5-C514F983F3C8}.AppStore|iPhone.Build.0 = Release|x86
		{2364ED3B-6FC3-4D80-B8F5-C514F983F3C8}.AppStore|iPhone.Deploy.0 = Release|x86
		{2364ED3B-6FC3-4D80-B8F5-C514F983F3C8}.AppStore|iPhoneSimulator.ActiveCfg = Release|x86
		{2364ED3B-6FC3-4D80-B8F5-C514F983F3C8}.AppStore|iPhoneSimulator.Build.0 = Release|x86
		{2364ED3B-6FC3-4D80-B8F5-C514F983F3C8}.AppStore|iPhoneSimulator.Deploy.0 = Release|x86
		{2364ED3B-6FC3-4D80-B8F5-C514F983F3C8}.AppStore|x64.ActiveCfg = Release|x64
		{2364ED3B-6FC3-4D80-B8F5-C514F983F3C8}.AppStore|x64.Build.0 = Release|x64
		{2364ED3B-6FC3-4D80-B8F5-C514F983F3C8}.AppStore|x64.Deploy.0 = Release|x64
		{2364ED3B-6FC3-4D80-B8F5-C514F983F3C8}.AppStore|x86.ActiveCfg = Release|x86
		{2364ED3B-6FC3-4D80-B8F5-C514F983F3C8}.AppStore|x86.Build.0 = Release|x86
		{2364ED3B-6FC3-4D80-B8F5-C514F983F3C8}.AppStore|x86.Deploy.0 = Release|x86
		{2364ED3B-6FC3-4D80-B8F5-C514F983F3C8}.Debug|Any CPU.ActiveCfg = Debug|x86
		{2364ED3B-6FC3-4D80-B8F5-C514F983F3C8}.Debug|Any CPU.Build.0 = Debug|x86
		{2364ED3B-6FC3-4D80-B8F5-C514F983F3C8}.Debug|Any CPU.Deploy.0 = Debug|x86
		{2364ED3B-6FC3-4D80-B8F5-C514F983F3C8}.Debug|ARM.ActiveCfg = Debug|ARM
		{2364ED3B-6FC3-4D80-B8F5-C514F983F3C8}.Debug|ARM.Build.0 = Debug|ARM
		{2364ED3B-6FC3-4D80-B8F5-C514F983F3C8}.Debug|ARM.Deploy.0 = Debug|ARM
		{2364ED3B-6FC3-4D80-B8F5-C514F983F3C8}.Debug|iPhone.ActiveCfg = Debug|x86
		{2364ED3B-6FC3-4D80-B8F5-C514F983F3C8}.Debug|iPhone.Build.0 = Debug|x86
		{2364ED3B-6FC3-4D80-B8F5-C514F983F3C8}.Debug|iPhone.Deploy.0 = Debug|x86
		{2364ED3B-6FC3-4D80-B8F5-C514F983F3C8}.Debug|iPhoneSimulator.ActiveCfg = Debug|x86
		{2364ED3B-6FC3-4D80-B8F5-C514F983F3C8}.Debug|iPhoneSimulator.Build.0 = Debug|x86
		{2364ED3B-6FC3-4D80-B8F5-C514F983F3C8}.Debug|iPhoneSimulator.Deploy.0 = Debug|x86
		{2364ED3B-6FC3-4D80-B8F5-C514F983F3C8}.Debug|x64.ActiveCfg = Debug|x64
		{2364ED3B-6FC3-4D80-B8F5-C514F983F3C8}.Debug|x64.Build.0 = Debug|x64
		{2364ED3B-6FC3-4D80-B8F5-C514F983F3C8}.Debug|x64.Deploy.0 = Debug|x64
		{2364ED3B-6FC3-4D80-B8F5-C514F983F3C8}.Debug|x86.ActiveCfg = Debug|x86
		{2364ED3B-6FC3-4D80-B8F5-C514F983F3C8}.Debug|x86.Build.0 = Debug|x86
		{2364ED3B-6FC3-4D80-B8F5-C514F983F3C8}.Debug|x86.Deploy.0 = Debug|x86
		{2364ED3B-6FC3-4D80-B8F5-C514F983F3C8}.Release|Any CPU.ActiveCfg = Release|x86
		{2364ED3B-6FC3-4D80-B8F5-C514F983F3C8}.Release|Any CPU.Build.0 = Release|x86
		{2364ED3B-6FC3-4D80-B8F5-C514F983F3C8}.Release|Any CPU.Deploy.0 = Release|x86
		{2364ED3B-6FC3-4D80-B8F5-C514F983F3C8}.Release|ARM.ActiveCfg = Release|ARM
		{2364ED3B-6FC3-4D80-B8F5-C514F983F3C8}.Release|ARM.Build.0 = Release|ARM
		{2364ED3B-6FC3-4D80-B8F5-C514F983F3C8}.Release|ARM.Deploy.0 = Release|ARM
		{2364ED3B-6FC3-4D80-B8F5-C514F983F3C8}.Release|iPhone.ActiveCfg = Release|x86
		{2364ED3B-6FC3-4D80-B8F5-C514F983F3C8}.Release|iPhone.Build.0 = Release|x86
		{2364ED3B-6FC3-4D80-B8F5-C514F983F3C8}.Release|iPhone.Deploy.0 = Release|x86
		{2364ED3B-6FC3-4D80-B8F5-C514F983F3C8}.Release|iPhoneSimulator.ActiveCfg = Release|x86
		{2364ED3B-6FC3-4D80-B8F5-C514F983F3C8}.Release|iPhoneSimulator.Build.0 = Release|x86
		{2364ED3B-6FC3-4D80-B8F5-C514F983F3C8}.Release|iPhoneSimulator.Deploy.0 = Release|x86
		{2364ED3B-6FC3-4D80-B8F5-C514F983F3C8}.Release|x64.ActiveCfg = Release|x64
		{2364ED3B-6FC3-4D80-B8F5-C514F983F3C8}.Release|x64.Build.0 = Release|x64
		{2364ED3B-6FC3-4D80-B8F5-C514F983F3C8}.Release|x64.Deploy.0 = Release|x64
		{2364ED3B-6FC3-4D80-B8F5-C514F983F3C8}.Release|x86.ActiveCfg = Release|x86
		{2364ED3B-6FC3-4D80-B8F5-C514F983F3C8}.Release|x86.Build.0 = Release|x86
		{2364ED3B-6FC3-4D80-B8F5-C514F983F3C8}.Release|x86.Deploy.0 = Release|x86
		{77C92610-A0D8-40E8-AFA0-D89673545E8A}.Ad-Hoc|Any CPU.ActiveCfg = Debug|Any CPU
		{77C92610-A0D8-40E8-AFA0-D89673545E8A}.Ad-Hoc|Any CPU.Build.0 = Debug|Any CPU
		{77C92610-A0D8-40E8-AFA0-D89673545E8A}.Ad-Hoc|Any CPU.Deploy.0 = Debug|Any CPU
		{77C92610-A0D8-40E8-AFA0-D89673545E8A}.Ad-Hoc|ARM.ActiveCfg = Debug|Any CPU
		{77C92610-A0D8-40E8-AFA0-D89673545E8A}.Ad-Hoc|ARM.Build.0 = Debug|Any CPU
		{77C92610-A0D8-40E8-AFA0-D89673545E8A}.Ad-Hoc|ARM.Deploy.0 = Debug|Any CPU
		{77C92610-A0D8-40E8-AFA0-D89673545E8A}.Ad-Hoc|iPhone.ActiveCfg = Debug|Any CPU
		{77C92610-A0D8-40E8-AFA0-D89673545E8A}.Ad-Hoc|iPhone.Build.0 = Debug|Any CPU
		{77C92610-A0D8-40E8-AFA0-D89673545E8A}.Ad-Hoc|iPhone.Deploy.0 = Debug|Any CPU
		{77C92610-A0D8-40E8-AFA0-D89673545E8A}.Ad-Hoc|iPhoneSimulator.ActiveCfg = Debug|Any CPU
		{77C92610-A0D8-40E8-AFA0-D89673545E8A}.Ad-Hoc|iPhoneSimulator.Build.0 = Debug|Any CPU
		{77C92610-A0D8-40E8-AFA0-D89673545E8A}.Ad-Hoc|iPhoneSimulator.Deploy.0 = Debug|Any CPU
		{77C92610-A0D8-40E8-AFA0-D89673545E8A}.Ad-Hoc|x64.ActiveCfg = Debug|Any CPU
		{77C92610-A0D8-40E8-AFA0-D89673545E8A}.Ad-Hoc|x64.Build.0 = Debug|Any CPU
		{77C92610-A0D8-40E8-AFA0-D89673545E8A}.Ad-Hoc|x64.Deploy.0 = Debug|Any CPU
		{77C92610-A0D8-40E8-AFA0-D89673545E8A}.Ad-Hoc|x86.ActiveCfg = Debug|Any CPU
		{77C92610-A0D8-40E8-AFA0-D89673545E8A}.Ad-Hoc|x86.Build.0 = Debug|Any CPU
		{77C92610-A0D8-40E8-AFA0-D89673545E8A}.Ad-Hoc|x86.Deploy.0 = Debug|Any CPU
		{77C92610-A0D8-40E8-AFA0-D89673545E8A}.AppStore|Any CPU.ActiveCfg = Debug|Any CPU
		{77C92610-A0D8-40E8-AFA0-D89673545E8A}.AppStore|Any CPU.Build.0 = Debug|Any CPU
		{77C92610-A0D8-40E8-AFA0-D89673545E8A}.AppStore|Any CPU.Deploy.0 = Debug|Any CPU
		{77C92610-A0D8-40E8-AFA0-D89673545E8A}.AppStore|ARM.ActiveCfg = Debug|Any CPU
		{77C92610-A0D8-40E8-AFA0-D89673545E8A}.AppStore|ARM.Build.0 = Debug|Any CPU
		{77C92610-A0D8-40E8-AFA0-D89673545E8A}.AppStore|ARM.Deploy.0 = Debug|Any CPU
		{77C92610-A0D8-40E8-AFA0-D89673545E8A}.AppStore|iPhone.ActiveCfg = Debug|Any CPU
		{77C92610-A0D8-40E8-AFA0-D89673545E8A}.AppStore|iPhone.Build.0 = Debug|Any CPU
		{77C92610-A0D8-40E8-AFA0-D89673545E8A}.AppStore|iPhone.Deploy.0 = Debug|Any CPU
		{77C92610-A0D8-40E8-AFA0-D89673545E8A}.AppStore|iPhoneSimulator.ActiveCfg = Debug|Any CPU
		{77C92610-A0D8-40E8-AFA0-D89673545E8A}.AppStore|iPhoneSimulator.Build.0 = Debug|Any CPU
		{77C92610-A0D8-40E8-AFA0-D89673545E8A}.AppStore|iPhoneSimulator.Deploy.0 = Debug|Any CPU
		{77C92610-A0D8-40E8-AFA0-D89673545E8A}.AppStore|x64.ActiveCfg = Debug|Any CPU
		{77C92610-A0D8-40E8-AFA0-D89673545E8A}.AppStore|x64.Build.0 = Debug|Any CPU
		{77C92610-A0D8-40E8-AFA0-D89673545E8A}.AppStore|x64.Deploy.0 = Debug|Any CPU
		{77C92610-A0D8-40E8-AFA0-D89673545E8A}.AppStore|x86.ActiveCfg = Debug|Any CPU
		{77C92610-A0D8-40E8-AFA0-D89673545E8A}.AppStore|x86.Build.0 = Debug|Any CPU
		{77C92610-A0D8-40E8-AFA0-D89673545E8A}.AppStore|x86.Deploy.0 = Debug|Any CPU
		{77C92610-A0D8-40E8-AFA0-D89673545E8A}.Debug|Any CPU.ActiveCfg = Debug|Any CPU
		{77C92610-A0D8-40E8-AFA0-D89673545E8A}.Debug|Any CPU.Build.0 = Debug|Any CPU
		{77C92610-A0D8-40E8-AFA0-D89673545E8A}.Debug|Any CPU.Deploy.0 = Debug|Any CPU
		{77C92610-A0D8-40E8-AFA0-D89673545E8A}.Debug|ARM.ActiveCfg = Debug|Any CPU
		{77C92610-A0D8-40E8-AFA0-D89673545E8A}.Debug|ARM.Build.0 = Debug|Any CPU
		{77C92610-A0D8-40E8-AFA0-D89673545E8A}.Debug|ARM.Deploy.0 = Debug|Any CPU
		{77C92610-A0D8-40E8-AFA0-D89673545E8A}.Debug|iPhone.ActiveCfg = Debug|Any CPU
		{77C92610-A0D8-40E8-AFA0-D89673545E8A}.Debug|iPhone.Build.0 = Debug|Any CPU
		{77C92610-A0D8-40E8-AFA0-D89673545E8A}.Debug|iPhone.Deploy.0 = Debug|Any CPU
		{77C92610-A0D8-40E8-AFA0-D89673545E8A}.Debug|iPhoneSimulator.ActiveCfg = Debug|Any CPU
		{77C92610-A0D8-40E8-AFA0-D89673545E8A}.Debug|iPhoneSimulator.Build.0 = Debug|Any CPU
		{77C92610-A0D8-40E8-AFA0-D89673545E8A}.Debug|iPhoneSimulator.Deploy.0 = Debug|Any CPU
		{77C92610-A0D8-40E8-AFA0-D89673545E8A}.Debug|x64.ActiveCfg = Debug|Any CPU
		{77C92610-A0D8-40E8-AFA0-D89673545E8A}.Debug|x64.Build.0 = Debug|Any CPU
		{77C92610-A0D8-40E8-AFA0-D89673545E8A}.Debug|x64.Deploy.0 = Debug|Any CPU
		{77C92610-A0D8-40E8-AFA0-D89673545E8A}.Debug|x86.ActiveCfg = Debug|Any CPU
		{77C92610-A0D8-40E8-AFA0-D89673545E8A}.Debug|x86.Build.0 = Debug|Any CPU
		{77C92610-A0D8-40E8-AFA0-D89673545E8A}.Debug|x86.Deploy.0 = Debug|Any CPU
		{77C92610-A0D8-40E8-AFA0-D89673545E8A}.Release|Any CPU.ActiveCfg = Release|Any CPU
		{77C92610-A0D8-40E8-AFA0-D89673545E8A}.Release|Any CPU.Build.0 = Release|Any CPU
		{77C92610-A0D8-40E8-AFA0-D89673545E8A}.Release|Any CPU.Deploy.0 = Release|Any CPU
		{77C92610-A0D8-40E8-AFA0-D89673545E8A}.Release|ARM.ActiveCfg = Release|Any CPU
		{77C92610-A0D8-40E8-AFA0-D89673545E8A}.Release|ARM.Build.0 = Release|Any CPU
		{77C92610-A0D8-40E8-AFA0-D89673545E8A}.Release|ARM.Deploy.0 = Release|Any CPU
		{77C92610-A0D8-40E8-AFA0-D89673545E8A}.Release|iPhone.ActiveCfg = Release|Any CPU
		{77C92610-A0D8-40E8-AFA0-D89673545E8A}.Release|iPhone.Build.0 = Release|Any CPU
		{77C92610-A0D8-40E8-AFA0-D89673545E8A}.Release|iPhone.Deploy.0 = Release|Any CPU
		{77C92610-A0D8-40E8-AFA0-D89673545E8A}.Release|iPhoneSimulator.ActiveCfg = Release|Any CPU
		{77C92610-A0D8-40E8-AFA0-D89673545E8A}.Release|iPhoneSimulator.Build.0 = Release|Any CPU
		{77C92610-A0D8-40E8-AFA0-D89673545E8A}.Release|iPhoneSimulator.Deploy.0 = Release|Any CPU
		{77C92610-A0D8-40E8-AFA0-D89673545E8A}.Release|x64.ActiveCfg = Release|Any CPU
		{77C92610-A0D8-40E8-AFA0-D89673545E8A}.Release|x64.Build.0 = Release|Any CPU
		{77C92610-A0D8-40E8-AFA0-D89673545E8A}.Release|x64.Deploy.0 = Release|Any CPU
		{77C92610-A0D8-40E8-AFA0-D89673545E8A}.Release|x86.ActiveCfg = Release|Any CPU
		{77C92610-A0D8-40E8-AFA0-D89673545E8A}.Release|x86.Build.0 = Release|Any CPU
		{77C92610-A0D8-40E8-AFA0-D89673545E8A}.Release|x86.Deploy.0 = Release|Any CPU
	EndGlobalSection
	GlobalSection(SolutionProperties) = preSolution
		HideSolutionNode = FALSE
	EndGlobalSection
	GlobalSection(ExtensibilityGlobals) = postSolution
		SolutionGuid = {8AE6882D-DBB6-4142-9210-00F226E90109}
	EndGlobalSection
EndGlobal
